// !$*UTF8*$!
{
	archiveVersion = 1;
	classes = {
	};
	objectVersion = 46;
	objects = {

/* Begin PBXBuildFile section */
		104D7C0911F305B30CA63249 /* TmxParser_Test.cpp in Sources */ = {isa = PBXBuildFile; fileRef = 72DD01734238B6DDC4F98FB3 /* TmxParser_Test.cpp */; };
		8565742A3E8143D4591DEA6A /* libTmxParser_d.a in Frameworks */ = {isa = PBXBuildFile; fileRef = 04F53B726FE1F3DC1CADA9B2 /* libTmxParser_d.a */; };
/* End PBXBuildFile section */

/* Begin PBXContainerItemProxy section */
		99B672C2B183DE6C5D386902 /* PBXContainerItemProxy */ = {
			isa = PBXContainerItemProxy;
			containerPortal = 461E3FEDED521FD70C805E2D /* TmxParser.xcodeproj */;
			proxyType = 2;
			remoteGlobalIDString = FFEB19896FF5CB73ECEC77C9;
			remoteInfo = TmxParser;
		};
		B12D6CFBC8FAD8A574AF633B /* PBXContainerItemProxy */ = {
			isa = PBXContainerItemProxy;
			containerPortal = 461E3FEDED521FD70C805E2D /* TmxParser.xcodeproj */;
			proxyType = 1;
			remoteGlobalIDString = 1C7B074F27A223F923A99D8F;
			remoteInfo = TmxParser;
		};
/* End PBXContainerItemProxy section */

/* Begin PBXFileReference section */
		461E3FEDED521FD70C805E2D /* libTmxParser_d.a */ = {isa = PBXFileReference; lastKnownFileType = "wrapper.pb-project"; name = "TmxParser.xcodeproj"; path = TmxParser.xcodeproj; sourceTree = SOURCE_ROOT; };
		4E17CB5847D805823D3DD198 /* tmw_desert_spacing.png */ = {isa = PBXFileReference; lastKnownFileType = text; name = tmw_desert_spacing.png; path = ../../../data/tmw_desert_spacing.png; sourceTree = "<group>"; };
		5FEFF0D467363F7EAA39C714 /* example.tmx */ = {isa = PBXFileReference; lastKnownFileType = text; name = example.tmx; path = ../../../data/example.tmx; sourceTree = "<group>"; };
		72DD01734238B6DDC4F98FB3 /* TmxParser_Test.cpp */ = {isa = PBXFileReference; lastKnownFileType = sourcecode.cpp.cpp; name = TmxParser_Test.cpp; path = ../../../tests/TmxParser_Test.cpp; sourceTree = "<group>"; };
		F2CEA96B2BF4D015514F7FAB /* TmxParser_TEST */ = {isa = PBXFileReference; explicitFileType = "compiled.mach-o.executable"; includeInIndex = 0; name = TmxParser_TEST; path = TmxParser_TEST_d; sourceTree = BUILT_PRODUCTS_DIR; };
/* End PBXFileReference section */

/* Begin PBXFrameworksBuildPhase section */
		9ACB06780C2BF5A227F82CB8 /* Frameworks */ = {
			isa = PBXFrameworksBuildPhase;
			buildActionMask = 2147483647;
			files = (
				8565742A3E8143D4591DEA6A /* libTmxParser_d.a in Frameworks */,
			);
			runOnlyForDeploymentPostprocessing = 0;
		};
/* End PBXFrameworksBuildPhase section */

/* Begin PBXGroup section */
		581EEAC54FB7EDAF2070E905 /* Projects */ = {
			isa = PBXGroup;
			children = (
				461E3FEDED521FD70C805E2D /* TmxParser.xcodeproj */,
			);
			name = Projects;
			sourceTree = "<group>";
		};
		80F2DF99C90D0A83EFADDDD9 /* data */ = {
			isa = PBXGroup;
			children = (
				5FEFF0D467363F7EAA39C714 /* example.tmx */,
				4E17CB5847D805823D3DD198 /* tmw_desert_spacing.png */,
			);
			name = data;
			sourceTree = "<group>";
		};
		95B5D8EB4D0666559F29672B /* tests */ = {
			isa = PBXGroup;
			children = (
				72DD01734238B6DDC4F98FB3 /* TmxParser_Test.cpp */,
			);
			name = tests;
			sourceTree = "<group>";
		};
		CB04BB024F9E596C0F00E942 /* Products */ = {
			isa = PBXGroup;
			children = (
				04F53B726FE1F3DC1CADA9B2 /* libTmxParser_d.a */,
			);
			name = Products;
			sourceTree = "<group>";
		};
		EA8E290FE2272BF9B2E0274F /* Products */ = {
			isa = PBXGroup;
			children = (
				F2CEA96B2BF4D015514F7FAB /* TmxParser_TEST */,
			);
			name = Products;
			sourceTree = "<group>";
		};
		F3FF7202AB4FFF6CFD730042 /* TmxParser_TEST */ = {
			isa = PBXGroup;
			children = (
				80F2DF99C90D0A83EFADDDD9 /* data */,
				95B5D8EB4D0666559F29672B /* tests */,
				581EEAC54FB7EDAF2070E905 /* Projects */,
				EA8E290FE2272BF9B2E0274F /* Products */,
			);
			name = TmxParser_TEST;
			sourceTree = "<group>";
		};
/* End PBXGroup section */

/* Begin PBXHeadersBuildPhase section */
/* End PBXHeadersBuildPhase section */

/* Begin PBXNativeTarget section */
		335B22F163A21C5B3DFA3131 /* TmxParser_TEST */ = {
			isa = PBXNativeTarget;
			buildConfigurationList = 76ED6237E84E5161041A8877 /* Build configuration list for PBXNativeTarget "TmxParser_TEST" */;
			buildPhases = (
				1C9BEB188DFCDA42A9C91158 /* Resources */,
				B65172CF27B261F9437E990F /* Sources */,
				9ACB06780C2BF5A227F82CB8 /* Frameworks */,
				753BA0236DC1370DA4421E63 /* Embed Frameworks */,
			);
			buildRules = (
			);
			dependencies = (
				6B6985ABF0032415AF65B3EB /* PBXTargetDependency */,
			);
			name = TmxParser_TEST;
			productInstallPath = "$(HOME)/bin";
			productName = TmxParser_TEST;
			productReference = F2CEA96B2BF4D015514F7FAB /* TmxParser_TEST */;
			productType = "com.apple.product-type.tool";
		};
/* End PBXNativeTarget section */

/* Begin PBXProject section */
		08FB7793FE84155DC02AAC07 /* Project object */ = {
			isa = PBXProject;
			attributes = {
				TargetAttributes = {
					335B22F163A21C5B3DFA3131 = {
					};
				};
			};
			buildConfigurationList = 1DEB928908733DD80010E9CD /* Build configuration list for PBXProject "TmxParser_TEST" */;
			compatibilityVersion = "Xcode 3.2";
			hasScannedForEncodings = 1;
			mainGroup = F3FF7202AB4FFF6CFD730042 /* TmxParser_TEST */;
			productRefGroup = 66C8DE4139580EEB6ADBF481 /* Products */;
			projectDirPath = "";
			projectReferences = (
				{
					ProductGroup = CB04BB024F9E596C0F00E942 /* Products */;
					ProjectRef = 461E3FEDED521FD70C805E2D /* TmxParser.xcodeproj */;
				},
			);
			projectRoot = "";
			targets = (
				335B22F163A21C5B3DFA3131 /* TmxParser_TEST */,
			);
		};
/* End PBXProject section */

/* Begin PBXReferenceProxy section */
		04F53B726FE1F3DC1CADA9B2 /* libTmxParser_d.a */ = {
			isa = PBXReferenceProxy;
			fileType = archive.ar;
			path = libTmxParser_d.a;
			remoteRef = 99B672C2B183DE6C5D386902 /* PBXContainerItemProxy */;
			sourceTree = BUILT_PRODUCTS_DIR;
		};
/* End PBXReferenceProxy section */

/* Begin PBXResourcesBuildPhase section */
		1C9BEB188DFCDA42A9C91158 /* Resources */ = {
			isa = PBXResourcesBuildPhase;
			buildActionMask = 2147483647;
			files = (
			);
			runOnlyForDeploymentPostprocessing = 0;
		};
/* End PBXResourcesBuildPhase section */

/* Begin PBXSourcesBuildPhase section */
		B65172CF27B261F9437E990F /* Sources */ = {
			isa = PBXSourcesBuildPhase;
			buildActionMask = 2147483647;
			files = (
				104D7C0911F305B30CA63249 /* TmxParser_Test.cpp in Sources */,
			);
			runOnlyForDeploymentPostprocessing = 0;
		};
/* End PBXSourcesBuildPhase section */

/* Begin PBXTargetDependency section */
		6B6985ABF0032415AF65B3EB /* PBXTargetDependency */ = {
			isa = PBXTargetDependency;
			name = TmxParser;
			targetProxy = B12D6CFBC8FAD8A574AF633B /* PBXContainerItemProxy */;
		};
/* End PBXTargetDependency section */

/* Begin PBXVariantGroup section */
/* End PBXVariantGroup section */

/* Begin XCBuildConfiguration section */
		1854878E65ADE938A5643DCE /* Debug */ = {
			isa = XCBuildConfiguration;
			buildSettings = {
				ALWAYS_SEARCH_USER_PATHS = NO;
				ARCHS = "$(ARCHS_STANDARD)";
				CLANG_CXX_LANGUAGE_STANDARD = "c++11";
				CLANG_CXX_LIBRARY = "libc++";
				CLANG_WARN_BOOL_CONVERSION = YES;
				CLANG_WARN_CONSTANT_CONVERSION = YES;
				CLANG_WARN_EMPTY_BODY = YES;
				CLANG_WARN_ENUM_CONVERSION = YES;
				CLANG_WARN_INT_CONVERSION = YES;
				CLANG_WARN_UNREACHABLE_CODE = YES;
				CLANG_WARN__DUPLICATE_METHOD_MATCH = YES;
				CODE_SIGN_IDENTITY = "iPhone Developer: Valeri Vuchov (WDTMDP2J2J)";
				COMMON_HEADER_SEARCH_PATHS = ../../../include;
				CONFIGURATION_BUILD_DIR = "$(SYMROOT)";
				CONFIGURATION_TEMP_DIR = "$(OBJROOT)";
				COPY_PHASE_STRIP = NO;
				ENABLE_STRICT_OBJC_MSGSEND = YES;
				GCC_C_LANGUAGE_STANDARD = c11;
				GCC_DYNAMIC_NO_PIC = NO;
				GCC_ENABLE_CPP_EXCEPTIONS = NO;
				GCC_ENABLE_CPP_RTTI = NO;
				GCC_ENABLE_FIX_AND_CONTINUE = YES;
				GCC_ENABLE_OBJC_EXCEPTIONS = NO;
				GCC_MODEL_TUNING = G5;
				GCC_OPTIMIZATION_LEVEL = 0;
				GCC_PREPROCESSOR_DEFINITIONS = (
					_DEBUG,
					_SCL_SECURE_NO_WARNINGS,
					_CRT_SECURE_NO_WARNINGS,
					_WINSOCK_DEPRECATED_NO_WARNINGS,
					OS_IPHONE,
				);
				GCC_SYMBOLS_PRIVATE_EXTERN = YES;
				GCC_VERSION = com.apple.compilers.llvm.clang.1_0;
				GCC_WARN_64_TO_32_BIT_CONVERSION = YES;
				GCC_WARN_ABOUT_DEPRECATED_FUNCTIONS = YES;
				GCC_WARN_ABOUT_RETURN_TYPE = YES;
				GCC_WARN_CHECK_SWITCH_STATEMENTS = NO;
				GCC_WARN_UNDECLARED_SELECTOR = YES;
				GCC_WARN_UNINITIALIZED_AUTOS = YES;
				GCC_WARN_UNUSED_FUNCTION = YES;
				GCC_WARN_UNUSED_VARIABLE = NO;
				HEADER_SEARCH_PATHS = "$(COMMON_HEADER_SEARCH_PATHS)";
				INSTALL_PATH = /usr/local/bin;
				IPHONEOS_DEPLOYMENT_TARGET = 6.0;
				OBJROOT = obj/Debug/TmxParser_TEST;
				ONLY_ACTIVE_ARCH = NO;
				OTHER_CFLAGS = (
					"-std=c++11",
					"-stdlib=libc++",
					"-x",
					"objective-c++",
					"-Wno-error",
				);
				SDKROOT = iphoneos;
				SKIP_INSTALL = YES;
				STANDARD_C_PLUS_PLUS_LIBRARY_TYPE = static;
				SYMROOT = ../../../bin/xcode4/ios;
				TARGETED_DEVICE_FAMILY = "1,2";
				VALID_ARCHS = "$(ARCHS_STANDARD)";
			};
			name = Debug;
		};
		1BFBDFC3A0957E2D5FF80E03 /* Debug */ = {
			isa = XCBuildConfiguration;
			buildSettings = {
				ALWAYS_SEARCH_USER_PATHS = NO;
				ARCHS = "$(ARCHS_STANDARD)";
				CLANG_CXX_LANGUAGE_STANDARD = "c++11";
				CLANG_CXX_LIBRARY = "libc++";
				CLANG_WARN_BOOL_CONVERSION = YES;
				CLANG_WARN_CONSTANT_CONVERSION = YES;
				CLANG_WARN_EMPTY_BODY = YES;
				CLANG_WARN_ENUM_CONVERSION = YES;
				CLANG_WARN_INT_CONVERSION = YES;
				CLANG_WARN_UNREACHABLE_CODE = YES;
				CLANG_WARN__DUPLICATE_METHOD_MATCH = YES;
				CODE_SIGN_IDENTITY = "iPhone Developer: Valeri Vuchov (WDTMDP2J2J)";
				COMMON_HEADER_SEARCH_PATHS = ../../../include;
				CONFIGURATION_BUILD_DIR = "$(SYMROOT)";
				CONFIGURATION_TEMP_DIR = "$(OBJROOT)";
				COPY_PHASE_STRIP = NO;
				ENABLE_STRICT_OBJC_MSGSEND = YES;
				GCC_C_LANGUAGE_STANDARD = c11;
				GCC_DYNAMIC_NO_PIC = NO;
				GCC_ENABLE_CPP_EXCEPTIONS = NO;
				GCC_ENABLE_CPP_RTTI = NO;
				GCC_ENABLE_FIX_AND_CONTINUE = YES;
				GCC_ENABLE_OBJC_EXCEPTIONS = NO;
				GCC_MODEL_TUNING = G5;
				GCC_OPTIMIZATION_LEVEL = 0;
				GCC_PREPROCESSOR_DEFINITIONS = (
					_DEBUG,
					_SCL_SECURE_NO_WARNINGS,
					_CRT_SECURE_NO_WARNINGS,
					_WINSOCK_DEPRECATED_NO_WARNINGS,
					OS_IPHONE,
				);
				GCC_SYMBOLS_PRIVATE_EXTERN = YES;
				GCC_VERSION = com.apple.compilers.llvm.clang.1_0;
				GCC_WARN_64_TO_32_BIT_CONVERSION = YES;
				GCC_WARN_ABOUT_DEPRECATED_FUNCTIONS = YES;
				GCC_WARN_ABOUT_RETURN_TYPE = YES;
				GCC_WARN_CHECK_SWITCH_STATEMENTS = NO;
				GCC_WARN_UNDECLARED_SELECTOR = YES;
				GCC_WARN_UNINITIALIZED_AUTOS = YES;
				GCC_WARN_UNUSED_FUNCTION = YES;
				GCC_WARN_UNUSED_VARIABLE = NO;
				HEADER_SEARCH_PATHS = "$(COMMON_HEADER_SEARCH_PATHS)";
				INSTALL_PATH = /usr/local/bin;
				IPHONEOS_DEPLOYMENT_TARGET = 6.0;
				OBJROOT = obj/Debug/TmxParser_TEST;
				ONLY_ACTIVE_ARCH = NO;
				OTHER_CFLAGS = (
					"-std=c++11",
					"-stdlib=libc++",
					"-x",
					"objective-c++",
					"-Wno-error",
				);
				PRODUCT_NAME = TmxParser_TEST_d;
				SDKROOT = iphoneos;
				SKIP_INSTALL = YES;
				STANDARD_C_PLUS_PLUS_LIBRARY_TYPE = static;
				SYMROOT = ../../../bin/xcode4/ios;
				TARGETED_DEVICE_FAMILY = "1,2";
				VALID_ARCHS = "$(ARCHS_STANDARD)";
			};
			name = Debug;
		};
		6CD09DFD7E4B7EE7A0915C3D /* Release */ = {
			isa = XCBuildConfiguration;
			buildSettings = {
				ALWAYS_SEARCH_USER_PATHS = NO;
				ARCHS = "$(ARCHS_STANDARD)";
				CLANG_CXX_LANGUAGE_STANDARD = "c++11";
				CLANG_CXX_LIBRARY = "libc++";
				CLANG_WARN_BOOL_CONVERSION = YES;
				CLANG_WARN_CONSTANT_CONVERSION = YES;
				CLANG_WARN_EMPTY_BODY = YES;
				CLANG_WARN_ENUM_CONVERSION = YES;
				CLANG_WARN_INT_CONVERSION = YES;
				CLANG_WARN_UNREACHABLE_CODE = YES;
				CLANG_WARN__DUPLICATE_METHOD_MATCH = YES;
				CODE_SIGN_IDENTITY = "iPhone Developer: Valeri Vuchov (WDTMDP2J2J)";
				COMMON_HEADER_SEARCH_PATHS = ../../../include;
				CONFIGURATION_BUILD_DIR = "$(SYMROOT)";
				CONFIGURATION_TEMP_DIR = "$(OBJROOT)";
				COPY_PHASE_STRIP = NO;
				ENABLE_STRICT_OBJC_MSGSEND = YES;
				GCC_C_LANGUAGE_STANDARD = c11;
				GCC_DYNAMIC_NO_PIC = NO;
				GCC_ENABLE_CPP_EXCEPTIONS = NO;
				GCC_ENABLE_CPP_RTTI = NO;
				GCC_ENABLE_FIX_AND_CONTINUE = YES;
				GCC_ENABLE_OBJC_EXCEPTIONS = NO;
				GCC_MODEL_TUNING = G5;
				GCC_OPTIMIZATION_LEVEL = 3;
				GCC_PREPROCESSOR_DEFINITIONS = (
					NDEBUG,
					"_SECURE_SCL=0",
					"_SECURE_SCL_THROWS=0",
					_SCL_SECURE_NO_WARNINGS,
					_CRT_SECURE_NO_WARNINGS,
					_WINSOCK_DEPRECATED_NO_WARNINGS,
					OS_IPHONE,
				);
				GCC_SYMBOLS_PRIVATE_EXTERN = YES;
				GCC_VERSION = com.apple.compilers.llvm.clang.1_0;
				GCC_WARN_64_TO_32_BIT_CONVERSION = YES;
				GCC_WARN_ABOUT_DEPRECATED_FUNCTIONS = YES;
				GCC_WARN_ABOUT_RETURN_TYPE = YES;
				GCC_WARN_CHECK_SWITCH_STATEMENTS = NO;
				GCC_WARN_UNDECLARED_SELECTOR = YES;
				GCC_WARN_UNINITIALIZED_AUTOS = YES;
				GCC_WARN_UNUSED_FUNCTION = YES;
				GCC_WARN_UNUSED_VARIABLE = NO;
				HEADER_SEARCH_PATHS = "$(COMMON_HEADER_SEARCH_PATHS)";
				INSTALL_PATH = /usr/local/bin;
				IPHONEOS_DEPLOYMENT_TARGET = 6.0;
				OBJROOT = obj/Release/TmxParser_TEST;
				ONLY_ACTIVE_ARCH = NO;
				OTHER_CFLAGS = (
					"-std=c++11",
					"-stdlib=libc++",
					"-x",
					"objective-c++",
					"-Wno-error",
				);
				PRODUCT_NAME = TmxParser_TEST;
				SDKROOT = iphoneos;
				SKIP_INSTALL = YES;
				STANDARD_C_PLUS_PLUS_LIBRARY_TYPE = static;
				SYMROOT = ../../../bin/xcode4/ios;
				TARGETED_DEVICE_FAMILY = "1,2";
				VALID_ARCHS = "$(ARCHS_STANDARD)";
			};
			name = Release;
		};
		EDF83308F730A732FDCE7948 /* Release */ = {
			isa = XCBuildConfiguration;
			buildSettings = {
				ALWAYS_SEARCH_USER_PATHS = NO;
				ARCHS = "$(ARCHS_STANDARD)";
				CLANG_CXX_LANGUAGE_STANDARD = "c++11";
				CLANG_CXX_LIBRARY = "libc++";
				CLANG_WARN_BOOL_CONVERSION = YES;
				CLANG_WARN_CONSTANT_CONVERSION = YES;
				CLANG_WARN_EMPTY_BODY = YES;
				CLANG_WARN_ENUM_CONVERSION = YES;
				CLANG_WARN_INT_CONVERSION = YES;
				CLANG_WARN_UNREACHABLE_CODE = YES;
				CLANG_WARN__DUPLICATE_METHOD_MATCH = YES;
				CODE_SIGN_IDENTITY = "iPhone Developer: Valeri Vuchov (WDTMDP2J2J)";
				COMMON_HEADER_SEARCH_PATHS = ../../../include;
				CONFIGURATION_BUILD_DIR = "$(SYMROOT)";
				CONFIGURATION_TEMP_DIR = "$(OBJROOT)";
				COPY_PHASE_STRIP = NO;
				ENABLE_STRICT_OBJC_MSGSEND = YES;
				GCC_C_LANGUAGE_STANDARD = c11;
				GCC_DYNAMIC_NO_PIC = NO;
				GCC_ENABLE_CPP_EXCEPTIONS = NO;
				GCC_ENABLE_CPP_RTTI = NO;
				GCC_ENABLE_FIX_AND_CONTINUE = YES;
				GCC_ENABLE_OBJC_EXCEPTIONS = NO;
				GCC_MODEL_TUNING = G5;
				GCC_OPTIMIZATION_LEVEL = 3;
				GCC_PREPROCESSOR_DEFINITIONS = (
					NDEBUG,
					"_SECURE_SCL=0",
					"_SECURE_SCL_THROWS=0",
					_SCL_SECURE_NO_WARNINGS,
					_CRT_SECURE_NO_WARNINGS,
					_WINSOCK_DEPRECATED_NO_WARNINGS,
					OS_IPHONE,
				);
				GCC_SYMBOLS_PRIVATE_EXTERN = YES;
				GCC_VERSION = com.apple.compilers.llvm.clang.1_0;
				GCC_WARN_64_TO_32_BIT_CONVERSION = YES;
				GCC_WARN_ABOUT_DEPRECATED_FUNCTIONS = YES;
				GCC_WARN_ABOUT_RETURN_TYPE = YES;
				GCC_WARN_CHECK_SWITCH_STATEMENTS = NO;
				GCC_WARN_UNDECLARED_SELECTOR = YES;
				GCC_WARN_UNINITIALIZED_AUTOS = YES;
				GCC_WARN_UNUSED_FUNCTION = YES;
				GCC_WARN_UNUSED_VARIABLE = NO;
				HEADER_SEARCH_PATHS = "$(COMMON_HEADER_SEARCH_PATHS)";
				INSTALL_PATH = /usr/local/bin;
				IPHONEOS_DEPLOYMENT_TARGET = 6.0;
				OBJROOT = obj/Release/TmxParser_TEST;
				ONLY_ACTIVE_ARCH = NO;
				OTHER_CFLAGS = (
					"-std=c++11",
					"-stdlib=libc++",
					"-x",
					"objective-c++",
					"-Wno-error",
				);
				SDKROOT = iphoneos;
				SKIP_INSTALL = YES;
				STANDARD_C_PLUS_PLUS_LIBRARY_TYPE = static;
				SYMROOT = ../../../bin/xcode4/ios;
				TARGETED_DEVICE_FAMILY = "1,2";
				VALID_ARCHS = "$(ARCHS_STANDARD)";
			};
			name = Release;
		};
/* End XCBuildConfiguration section */

/* Begin XCConfigurationList section */
		1DEB928908733DD80010E9CD /* Build configuration list for PBXProject "TmxParser_TEST" */ = {
			isa = XCConfigurationList;
			buildConfigurations = (
				1854878E65ADE938A5643DCE /* Debug */,
				EDF83308F730A732FDCE7948 /* Release */,
			);
			defaultConfigurationIsVisible = 0;
			defaultConfigurationName = Debug;
		};
		76ED6237E84E5161041A8877 /* Build configuration list for PBXNativeTarget "TmxParser_TEST" */ = {
			isa = XCConfigurationList;
			buildConfigurations = (
				1BFBDFC3A0957E2D5FF80E03 /* Debug */,
				6CD09DFD7E4B7EE7A0915C3D /* Release */,
			);
			defaultConfigurationIsVisible = 0;
			defaultConfigurationName = Debug;
		};
/* End XCConfigurationList section */
	};
	rootObject = 08FB7793FE84155DC02AAC07 /* Project object */;
}
