
Microsoft Visual Studio Solution File, Format Version 12.00
# Visual Studio 2013
Project("{8BC9CEB8-8B4A-11D0-8D11-00A0C91BC942}") = "TmxParser_TEST", "TmxParser_TEST.vcxproj", "{6AB186E0-567F-7AE6-3F13-EB0C2B80564B}"
	ProjectSection(ProjectDependencies) = postProject
		{4B32FE99-B79C-B210-00DB-63B66C849065} = {4B32FE99-B79C-B210-00DB-63B66C849065}
	EndProjectSection
EndProject
Project("{8BC9CEB8-8B4A-11D0-8D11-00A0C91BC942}") = "TmxParser", "TmxParser.vcxproj", "{4B32FE99-B79C-B210-00DB-63B66C849065}"
EndProject
Global
	GlobalSection(SolutionConfigurationPlatforms) = preSolution
		Debug|Win32 = Debug|Win32
		Debug|x64 = Debug|x64
		Release|Win32 = Release|Win32
		Release|x64 = Release|x64
	EndGlobalSection
	GlobalSection(ProjectConfigurationPlatforms) = postSolution
		{6AB186E0-567F-7AE6-3F13-EB0C2B80564B}.Debug|Win32.ActiveCfg = Debug|Win32
		{6AB186E0-567F-7AE6-3F13-EB0C2B80564B}.Debug|Win32.Build.0 = Debug|Win32
		{6AB186E0-567F-7AE6-3F13-EB0C2B80564B}.Debug|x64.ActiveCfg = Debug|x64
		{6AB186E0-567F-7AE6-3F13-EB0C2B80564B}.Debug|x64.Build.0 = Debug|x64
		{6AB186E0-567F-7AE6-3F13-EB0C2B80564B}.Release|Win32.ActiveCfg = Release|Win32
		{6AB186E0-567F-7AE6-3F13-EB0C2B80564B}.Release|Win32.Build.0 = Release|Win32
		{6AB186E0-567F-7AE6-3F13-EB0C2B80564B}.Release|x64.ActiveCfg = Release|x64
		{6AB186E0-567F-7AE6-3F13-EB0C2B80564B}.Release|x64.Build.0 = Release|x64
		{4B32FE99-B79C-B210-00DB-63B66C849065}.Debug|Win32.ActiveCfg = Debug|Win32
		{4B32FE99-B79C-B210-00DB-63B66C849065}.Debug|Win32.Build.0 = Debug|Win32
		{4B32FE99-B79C-B210-00DB-63B66C849065}.Debug|x64.ActiveCfg = Debug|x64
		{4B32FE99-B79C-B210-00DB-63B66C849065}.Debug|x64.Build.0 = Debug|x64
		{4B32FE99-B79C-B210-00DB-63B66C849065}.Release|Win32.ActiveCfg = Release|Win32
		{4B32FE99-B79C-B210-00DB-63B66C849065}.Release|Win32.Build.0 = Release|Win32
		{4B32FE99-B79C-B210-00DB-63B66C849065}.Release|x64.ActiveCfg = Release|x64
		{4B32FE99-B79C-B210-00DB-63B66C849065}.Release|x64.Build.0 = Release|x64
	EndGlobalSection
	GlobalSection(SolutionProperties) = preSolution
		HideSolutionNode = FALSE
	EndGlobalSection
EndGlobal
